// !$*UTF8*$!
{
	archiveVersion = 1;
	classes = {
	};
	objectVersion = 56;
	objects = {

/* Begin PBXBuildFile section */
		2C6B18B72B221D6000513A8B /* StreamingInteractor.swift in Sources */ = {isa = PBXBuildFile; fileRef = 2C6B18B62B221D6000513A8B /* StreamingInteractor.swift */; };
		2C6B18B92B2222A400513A8B /* StreamingError.swift in Sources */ = {isa = PBXBuildFile; fileRef = 2C6B18B82B2222A400513A8B /* StreamingError.swift */; };
		2C6B18BB2B2223F400513A8B /* Config.plist in Resources */ = {isa = PBXBuildFile; fileRef = 2C6B18BA2B2223F400513A8B /* Config.plist */; };
		2C6B18C22B222AB000513A8B /* ConfigPlistModel.swift in Sources */ = {isa = PBXBuildFile; fileRef = 2C6B18C12B222AB000513A8B /* ConfigPlistModel.swift */; };
		2C6B18C52B2230FA00513A8B /* OpenAIModel.swift in Sources */ = {isa = PBXBuildFile; fileRef = 2C6B18C42B2230FA00513A8B /* OpenAIModel.swift */; };
		2C6B18C92B2242C700513A8B /* SettingsViewController.swift in Sources */ = {isa = PBXBuildFile; fileRef = 2C6B18C82B2242C700513A8B /* SettingsViewController.swift */; };
		2C8408F22B286C4800566906 /* ParsingInteractor.swift in Sources */ = {isa = PBXBuildFile; fileRef = 2C8408F12B286C4800566906 /* ParsingInteractor.swift */; };
		2C8408F42B28799200566906 /* GPTRequestData.swift in Sources */ = {isa = PBXBuildFile; fileRef = 2C8408F32B28799200566906 /* GPTRequestData.swift */; };
		2C8408F62B28803A00566906 /* FluidWritingInteractor.swift in Sources */ = {isa = PBXBuildFile; fileRef = 2C8408F52B28803A00566906 /* FluidWritingInteractor.swift */; };
		2C8408FA2B28C04F00566906 /* SettingsTableViewCell.swift in Sources */ = {isa = PBXBuildFile; fileRef = 2C8408F92B28C04F00566906 /* SettingsTableViewCell.swift */; };
		2C8408FC2B28C1E800566906 /* SettingsModel.swift in Sources */ = {isa = PBXBuildFile; fileRef = 2C8408FB2B28C1E800566906 /* SettingsModel.swift */; };
		2C8408FE2B28C2D600566906 /* SettingsDataSourceInteractor.swift in Sources */ = {isa = PBXBuildFile; fileRef = 2C8408FD2B28C2D500566906 /* SettingsDataSourceInteractor.swift */; };
		2C8409002B28C6CE00566906 /* SettingsPresenter.swift in Sources */ = {isa = PBXBuildFile; fileRef = 2C8408FF2B28C6CE00566906 /* SettingsPresenter.swift */; };
		2CF27B9F2B162C6700F63D09 /* AppDelegate.swift in Sources */ = {isa = PBXBuildFile; fileRef = 2CF27B9E2B162C6700F63D09 /* AppDelegate.swift */; };
		2CF27BA12B162C6700F63D09 /* SceneDelegate.swift in Sources */ = {isa = PBXBuildFile; fileRef = 2CF27BA02B162C6700F63D09 /* SceneDelegate.swift */; };
		2CF27BA32B162C6700F63D09 /* RootViewController.swift in Sources */ = {isa = PBXBuildFile; fileRef = 2CF27BA22B162C6700F63D09 /* RootViewController.swift */; };
		2CF27BA62B162C6700F63D09 /* Main.storyboard in Resources */ = {isa = PBXBuildFile; fileRef = 2CF27BA42B162C6700F63D09 /* Main.storyboard */; };
		2CF27BA82B162C6800F63D09 /* Assets.xcassets in Resources */ = {isa = PBXBuildFile; fileRef = 2CF27BA72B162C6800F63D09 /* Assets.xcassets */; };
		2CF27BAB2B162C6800F63D09 /* LaunchScreen.storyboard in Resources */ = {isa = PBXBuildFile; fileRef = 2CF27BA92B162C6800F63D09 /* LaunchScreen.storyboard */; };
		2CF27BBB2B163A3F00F63D09 /* Router.swift in Sources */ = {isa = PBXBuildFile; fileRef = 2CF27BBA2B163A3F00F63D09 /* Router.swift */; };
		2CF27BBD2B163B1400F63D09 /* Presenter.swift in Sources */ = {isa = PBXBuildFile; fileRef = 2CF27BBC2B163B1400F63D09 /* Presenter.swift */; };
/* End PBXBuildFile section */

/* Begin PBXFileReference section */
		2C6B18B62B221D6000513A8B /* StreamingInteractor.swift */ = {isa = PBXFileReference; lastKnownFileType = sourcecode.swift; path = StreamingInteractor.swift; sourceTree = "<group>"; };
		2C6B18B82B2222A400513A8B /* StreamingError.swift */ = {isa = PBXFileReference; lastKnownFileType = sourcecode.swift; path = StreamingError.swift; sourceTree = "<group>"; };
		2C6B18BA2B2223F400513A8B /* Config.plist */ = {isa = PBXFileReference; fileEncoding = 4; lastKnownFileType = text.plist.xml; path = Config.plist; sourceTree = "<group>"; };
		2C6B18C12B222AB000513A8B /* ConfigPlistModel.swift */ = {isa = PBXFileReference; lastKnownFileType = sourcecode.swift; path = ConfigPlistModel.swift; sourceTree = "<group>"; };
		2C6B18C42B2230FA00513A8B /* OpenAIModel.swift */ = {isa = PBXFileReference; lastKnownFileType = sourcecode.swift; path = OpenAIModel.swift; sourceTree = "<group>"; };
		2C6B18C82B2242C700513A8B /* SettingsViewController.swift */ = {isa = PBXFileReference; lastKnownFileType = sourcecode.swift; path = SettingsViewController.swift; sourceTree = "<group>"; };
		2C8408F12B286C4800566906 /* ParsingInteractor.swift */ = {isa = PBXFileReference; lastKnownFileType = sourcecode.swift; path = ParsingInteractor.swift; sourceTree = "<group>"; };
		2C8408F32B28799200566906 /* GPTRequestData.swift */ = {isa = PBXFileReference; lastKnownFileType = sourcecode.swift; path = GPTRequestData.swift; sourceTree = "<group>"; };
		2C8408F52B28803A00566906 /* FluidWritingInteractor.swift */ = {isa = PBXFileReference; lastKnownFileType = sourcecode.swift; path = FluidWritingInteractor.swift; sourceTree = "<group>"; };
		2C8408F92B28C04F00566906 /* SettingsTableViewCell.swift */ = {isa = PBXFileReference; lastKnownFileType = sourcecode.swift; path = SettingsTableViewCell.swift; sourceTree = "<group>"; };
		2C8408FB2B28C1E800566906 /* SettingsModel.swift */ = {isa = PBXFileReference; lastKnownFileType = sourcecode.swift; path = SettingsModel.swift; sourceTree = "<group>"; };
		2C8408FD2B28C2D500566906 /* SettingsDataSourceInteractor.swift */ = {isa = PBXFileReference; lastKnownFileType = sourcecode.swift; path = SettingsDataSourceInteractor.swift; sourceTree = "<group>"; };
		2C8408FF2B28C6CE00566906 /* SettingsPresenter.swift */ = {isa = PBXFileReference; lastKnownFileType = sourcecode.swift; path = SettingsPresenter.swift; sourceTree = "<group>"; };
		2CF27B9B2B162C6700F63D09 /* ChatGPTStreaming_VIPER.app */ = {isa = PBXFileReference; explicitFileType = wrapper.application; includeInIndex = 0; path = ChatGPTStreaming_VIPER.app; sourceTree = BUILT_PRODUCTS_DIR; };
		2CF27B9E2B162C6700F63D09 /* AppDelegate.swift */ = {isa = PBXFileReference; lastKnownFileType = sourcecode.swift; path = AppDelegate.swift; sourceTree = "<group>"; };
		2CF27BA02B162C6700F63D09 /* SceneDelegate.swift */ = {isa = PBXFileReference; lastKnownFileType = sourcecode.swift; path = SceneDelegate.swift; sourceTree = "<group>"; };
		2CF27BA22B162C6700F63D09 /* RootViewController.swift */ = {isa = PBXFileReference; lastKnownFileType = sourcecode.swift; path = RootViewController.swift; sourceTree = "<group>"; };
		2CF27BA52B162C6700F63D09 /* Base */ = {isa = PBXFileReference; lastKnownFileType = file.storyboard; name = Base; path = Base.lproj/Main.storyboard; sourceTree = "<group>"; };
		2CF27BA72B162C6800F63D09 /* Assets.xcassets */ = {isa = PBXFileReference; lastKnownFileType = folder.assetcatalog; path = Assets.xcassets; sourceTree = "<group>"; };
		2CF27BAA2B162C6800F63D09 /* Base */ = {isa = PBXFileReference; lastKnownFileType = file.storyboard; name = Base; path = Base.lproj/LaunchScreen.storyboard; sourceTree = "<group>"; };
		2CF27BAC2B162C6800F63D09 /* Info.plist */ = {isa = PBXFileReference; lastKnownFileType = text.plist.xml; path = Info.plist; sourceTree = "<group>"; };
		2CF27BBA2B163A3F00F63D09 /* Router.swift */ = {isa = PBXFileReference; lastKnownFileType = sourcecode.swift; path = Router.swift; sourceTree = "<group>"; };
		2CF27BBC2B163B1400F63D09 /* Presenter.swift */ = {isa = PBXFileReference; lastKnownFileType = sourcecode.swift; path = Presenter.swift; sourceTree = "<group>"; };
/* End PBXFileReference section */

/* Begin PBXFrameworksBuildPhase section */
		2CF27B982B162C6700F63D09 /* Frameworks */ = {
			isa = PBXFrameworksBuildPhase;
			buildActionMask = 2147483647;
			files = (
			);
			runOnlyForDeploymentPostprocessing = 0;
		};
/* End PBXFrameworksBuildPhase section */

/* Begin PBXGroup section */
		2C6B18BC2B2223FB00513A8B /* Plists */ = {
			isa = PBXGroup;
			children = (
				2CF27BAC2B162C6800F63D09 /* Info.plist */,
				2C6B18BA2B2223F400513A8B /* Config.plist */,
			);
			name = Plists;
			sourceTree = "<group>";
		};
		2C6B18BD2B22241500513A8B /* Storyboards */ = {
			isa = PBXGroup;
			children = (
				2CF27BA92B162C6800F63D09 /* LaunchScreen.storyboard */,
			);
			name = Storyboards;
			sourceTree = "<group>";
		};
		2C8408F72B28BFD900566906 /* Settings */ = {
			isa = PBXGroup;
			children = (
				2C6B18C82B2242C700513A8B /* SettingsViewController.swift */,
				2C8408F92B28C04F00566906 /* SettingsTableViewCell.swift */,
				2C8408FB2B28C1E800566906 /* SettingsModel.swift */,
				2C8408FD2B28C2D500566906 /* SettingsDataSourceInteractor.swift */,
				2C8408FF2B28C6CE00566906 /* SettingsPresenter.swift */,
			);
			name = Settings;
			sourceTree = "<group>";
		};
		2C8408F82B28BFE800566906 /* Streaming */ = {
			isa = PBXGroup;
			children = (
				2CF27BA22B162C6700F63D09 /* RootViewController.swift */,
				2C6B18B82B2222A400513A8B /* StreamingError.swift */,
				2C6B18B62B221D6000513A8B /* StreamingInteractor.swift */,
				2C8408F52B28803A00566906 /* FluidWritingInteractor.swift */,
				2C8408F12B286C4800566906 /* ParsingInteractor.swift */,
				2CF27BBC2B163B1400F63D09 /* Presenter.swift */,
				2C6B18C12B222AB000513A8B /* ConfigPlistModel.swift */,
				2C6B18C42B2230FA00513A8B /* OpenAIModel.swift */,
				2C8408F32B28799200566906 /* GPTRequestData.swift */,
			);
			name = Streaming;
			sourceTree = "<group>";
		};
		2CF27B922B162C6700F63D09 = {
			isa = PBXGroup;
			children = (
				2CF27B9D2B162C6700F63D09 /* ChatGPTStreaming_VIPER */,
				2CF27B9C2B162C6700F63D09 /* Products */,
			);
			sourceTree = "<group>";
		};
		2CF27B9C2B162C6700F63D09 /* Products */ = {
			isa = PBXGroup;
			children = (
				2CF27B9B2B162C6700F63D09 /* ChatGPTStreaming_VIPER.app */,
			);
			name = Products;
			sourceTree = "<group>";
		};
		2CF27B9D2B162C6700F63D09 /* ChatGPTStreaming_VIPER */ = {
			isa = PBXGroup;
			children = (
				2CF27B9E2B162C6700F63D09 /* AppDelegate.swift */,
				2CF27BA02B162C6700F63D09 /* SceneDelegate.swift */,
				2C8408F82B28BFE800566906 /* Streaming */,
				2C8408F72B28BFD900566906 /* Settings */,
				2CF27BBA2B163A3F00F63D09 /* Router.swift */,
				2C6B18BD2B22241500513A8B /* Storyboards */,
				2C6B18BC2B2223FB00513A8B /* Plists */,
				2CF27BA42B162C6700F63D09 /* Main.storyboard */,
				2CF27BA72B162C6800F63D09 /* Assets.xcassets */,
			);
			path = ChatGPTStreaming_VIPER;
			sourceTree = "<group>";
		};
/* End PBXGroup section */

/* Begin PBXNativeTarget section */
		2CF27B9A2B162C6700F63D09 /* ChatGPTStreaming_VIPER */ = {
			isa = PBXNativeTarget;
			buildConfigurationList = 2CF27BAF2B162C6800F63D09 /* Build configuration list for PBXNativeTarget "ChatGPTStreaming_VIPER" */;
			buildPhases = (
				2CF27B972B162C6700F63D09 /* Sources */,
				2CF27B982B162C6700F63D09 /* Frameworks */,
				2CF27B992B162C6700F63D09 /* Resources */,
			);
			buildRules = (
			);
			dependencies = (
			);
			name = ChatGPTStreaming_VIPER;
			productName = ChatGPTStreaming_VIPER;
			productReference = 2CF27B9B2B162C6700F63D09 /* ChatGPTStreaming_VIPER.app */;
			productType = "com.apple.product-type.application";
		};
/* End PBXNativeTarget section */

/* Begin PBXProject section */
		2CF27B932B162C6700F63D09 /* Project object */ = {
			isa = PBXProject;
			attributes = {
				BuildIndependentTargetsInParallel = 1;
				LastSwiftUpdateCheck = 1430;
				LastUpgradeCheck = 1430;
				TargetAttributes = {
					2CF27B9A2B162C6700F63D09 = {
						CreatedOnToolsVersion = 14.3;
					};
				};
			};
			buildConfigurationList = 2CF27B962B162C6700F63D09 /* Build configuration list for PBXProject "ChatGPTStreaming_VIPER" */;
			compatibilityVersion = "Xcode 14.0";
			developmentRegion = en;
			hasScannedForEncodings = 0;
			knownRegions = (
				en,
				Base,
			);
			mainGroup = 2CF27B922B162C6700F63D09;
			productRefGroup = 2CF27B9C2B162C6700F63D09 /* Products */;
			projectDirPath = "";
			projectRoot = "";
			targets = (
				2CF27B9A2B162C6700F63D09 /* ChatGPTStreaming_VIPER */,
			);
		};
/* End PBXProject section */

/* Begin PBXResourcesBuildPhase section */
		2CF27B992B162C6700F63D09 /* Resources */ = {
			isa = PBXResourcesBuildPhase;
			buildActionMask = 2147483647;
			files = (
				2C6B18BB2B2223F400513A8B /* Config.plist in Resources */,
				2CF27BAB2B162C6800F63D09 /* LaunchScreen.storyboard in Resources */,
				2CF27BA82B162C6800F63D09 /* Assets.xcassets in Resources */,
				2CF27BA62B162C6700F63D09 /* Main.storyboard in Resources */,
			);
			runOnlyForDeploymentPostprocessing = 0;
		};
/* End PBXResourcesBuildPhase section */

/* Begin PBXSourcesBuildPhase section */
		2CF27B972B162C6700F63D09 /* Sources */ = {
			isa = PBXSourcesBuildPhase;
			buildActionMask = 2147483647;
			files = (
				2C6B18B72B221D6000513A8B /* StreamingInteractor.swift in Sources */,
				2C8408F42B28799200566906 /* GPTRequestData.swift in Sources */,
				2CF27BBB2B163A3F00F63D09 /* Router.swift in Sources */,
				2C6B18C52B2230FA00513A8B /* OpenAIModel.swift in Sources */,
				2C6B18C92B2242C700513A8B /* SettingsViewController.swift in Sources */,
				2C8408FA2B28C04F00566906 /* SettingsTableViewCell.swift in Sources */,
				2CF27BA32B162C6700F63D09 /* RootViewController.swift in Sources */,
				2C6B18C22B222AB000513A8B /* ConfigPlistModel.swift in Sources */,
				2CF27B9F2B162C6700F63D09 /* AppDelegate.swift in Sources */,
				2C6B18B92B2222A400513A8B /* StreamingError.swift in Sources */,
				2C8408F22B286C4800566906 /* ParsingInteractor.swift in Sources */,
				2C8409002B28C6CE00566906 /* SettingsPresenter.swift in Sources */,
				2CF27BA12B162C6700F63D09 /* SceneDelegate.swift in Sources */,
				2C8408FC2B28C1E800566906 /* SettingsModel.swift in Sources */,
				2C8408F62B28803A00566906 /* FluidWritingInteractor.swift in Sources */,
				2CF27BBD2B163B1400F63D09 /* Presenter.swift in Sources */,
				2C8408FE2B28C2D600566906 /* SettingsDataSourceInteractor.swift in Sources */,
			);
			runOnlyForDeploymentPostprocessing = 0;
		};
/* End PBXSourcesBuildPhase section */

/* Begin PBXVariantGroup section */
		2CF27BA42B162C6700F63D09 /* Main.storyboard */ = {
			isa = PBXVariantGroup;
			children = (
				2CF27BA52B162C6700F63D09 /* Base */,
			);
			name = Main.storyboard;
			sourceTree = "<group>";
		};
		2CF27BA92B162C6800F63D09 /* LaunchScreen.storyboard */ = {
			isa = PBXVariantGroup;
			children = (
				2CF27BAA2B162C6800F63D09 /* Base */,
			);
			name = LaunchScreen.storyboard;
			sourceTree = "<group>";
		};
/* End PBXVariantGroup section */

/* Begin XCBuildConfiguration section */
		2CF27BAD2B162C6800F63D09 /* Debug */ = {
			isa = XCBuildConfiguration;
			buildSettings = {
				ALWAYS_SEARCH_USER_PATHS = NO;
				CLANG_ANALYZER_NONNULL = YES;
				CLANG_ANALYZER_NUMBER_OBJECT_CONVERSION = YES_AGGRESSIVE;
				CLANG_CXX_LANGUAGE_STANDARD = "gnu++20";
				CLANG_ENABLE_MODULES = YES;
				CLANG_ENABLE_OBJC_ARC = YES;
				CLANG_ENABLE_OBJC_WEAK = YES;
				CLANG_WARN_BLOCK_CAPTURE_AUTORELEASING = YES;
				CLANG_WARN_BOOL_CONVERSION = YES;
				CLANG_WARN_COMMA = YES;
				CLANG_WARN_CONSTANT_CONVERSION = YES;
				CLANG_WARN_DEPRECATED_OBJC_IMPLEMENTATIONS = YES;
				CLANG_WARN_DIRECT_OBJC_ISA_USAGE = YES_ERROR;
				CLANG_WARN_DOCUMENTATION_COMMENTS = YES;
				CLANG_WARN_EMPTY_BODY = YES;
				CLANG_WARN_ENUM_CONVERSION = YES;
				CLANG_WARN_INFINITE_RECURSION = YES;
				CLANG_WARN_INT_CONVERSION = YES;
				CLANG_WARN_NON_LITERAL_NULL_CONVERSION = YES;
				CLANG_WARN_OBJC_IMPLICIT_RETAIN_SELF = YES;
				CLANG_WARN_OBJC_LITERAL_CONVERSION = YES;
				CLANG_WARN_OBJC_ROOT_CLASS = YES_ERROR;
				CLANG_WARN_QUOTED_INCLUDE_IN_FRAMEWORK_HEADER = YES;
				CLANG_WARN_RANGE_LOOP_ANALYSIS = YES;
				CLANG_WARN_STRICT_PROTOTYPES = YES;
				CLANG_WARN_SUSPICIOUS_MOVE = YES;
				CLANG_WARN_UNGUARDED_AVAILABILITY = YES_AGGRESSIVE;
				CLANG_WARN_UNREACHABLE_CODE = YES;
				CLANG_WARN__DUPLICATE_METHOD_MATCH = YES;
				COPY_PHASE_STRIP = NO;
				DEBUG_INFORMATION_FORMAT = dwarf;
				ENABLE_STRICT_OBJC_MSGSEND = YES;
				ENABLE_TESTABILITY = YES;
				GCC_C_LANGUAGE_STANDARD = gnu11;
				GCC_DYNAMIC_NO_PIC = NO;
				GCC_NO_COMMON_BLOCKS = YES;
				GCC_OPTIMIZATION_LEVEL = 0;
				GCC_PREPROCESSOR_DEFINITIONS = (
					"DEBUG=1",
					"$(inherited)",
				);
				GCC_WARN_64_TO_32_BIT_CONVERSION = YES;
				GCC_WARN_ABOUT_RETURN_TYPE = YES_ERROR;
				GCC_WARN_UNDECLARED_SELECTOR = YES;
				GCC_WARN_UNINITIALIZED_AUTOS = YES_AGGRESSIVE;
				GCC_WARN_UNUSED_FUNCTION = YES;
				GCC_WARN_UNUSED_VARIABLE = YES;
				IPHONEOS_DEPLOYMENT_TARGET = 16.4;
				MTL_ENABLE_DEBUG_INFO = INCLUDE_SOURCE;
				MTL_FAST_MATH = YES;
				ONLY_ACTIVE_ARCH = YES;
				SDKROOT = iphoneos;
				SWIFT_ACTIVE_COMPILATION_CONDITIONS = DEBUG;
				SWIFT_OPTIMIZATION_LEVEL = "-Onone";
			};
			name = Debug;
		};
		2CF27BAE2B162C6800F63D09 /* Release */ = {
			isa = XCBuildConfiguration;
			buildSettings = {
				ALWAYS_SEARCH_USER_PATHS = NO;
				CLANG_ANALYZER_NONNULL = YES;
				CLANG_ANALYZER_NUMBER_OBJECT_CONVERSION = YES_AGGRESSIVE;
				CLANG_CXX_LANGUAGE_STANDARD = "gnu++20";
				CLANG_ENABLE_MODULES = YES;
				CLANG_ENABLE_OBJC_ARC = YES;
				CLANG_ENABLE_OBJC_WEAK = YES;
				CLANG_WARN_BLOCK_CAPTURE_AUTORELEASING = YES;
				CLANG_WARN_BOOL_CONVERSION = YES;
				CLANG_WARN_COMMA = YES;
				CLANG_WARN_CONSTANT_CONVERSION = YES;
				CLANG_WARN_DEPRECATED_OBJC_IMPLEMENTATIONS = YES;
				CLANG_WARN_DIRECT_OBJC_ISA_USAGE = YES_ERROR;
				CLANG_WARN_DOCUMENTATION_COMMENTS = YES;
				CLANG_WARN_EMPTY_BODY = YES;
				CLANG_WARN_ENUM_CONVERSION = YES;
				CLANG_WARN_INFINITE_RECURSION = YES;
				CLANG_WARN_INT_CONVERSION = YES;
				CLANG_WARN_NON_LITERAL_NULL_CONVERSION = YES;
				CLANG_WARN_OBJC_IMPLICIT_RETAIN_SELF = YES;
				CLANG_WARN_OBJC_LITERAL_CONVERSION = YES;
				CLANG_WARN_OBJC_ROOT_CLASS = YES_ERROR;
				CLANG_WARN_QUOTED_INCLUDE_IN_FRAMEWORK_HEADER = YES;
				CLANG_WARN_RANGE_LOOP_ANALYSIS = YES;
				CLANG_WARN_STRICT_PROTOTYPES = YES;
				CLANG_WARN_SUSPICIOUS_MOVE = YES;
				CLANG_WARN_UNGUARDED_AVAILABILITY = YES_AGGRESSIVE;
				CLANG_WARN_UNREACHABLE_CODE = YES;
				CLANG_WARN__DUPLICATE_METHOD_MATCH = YES;
				COPY_PHASE_STRIP = NO;
				DEBUG_INFORMATION_FORMAT = "dwarf-with-dsym";
				ENABLE_NS_ASSERTIONS = NO;
				ENABLE_STRICT_OBJC_MSGSEND = YES;
				GCC_C_LANGUAGE_STANDARD = gnu11;
				GCC_NO_COMMON_BLOCKS = YES;
				GCC_WARN_64_TO_32_BIT_CONVERSION = YES;
				GCC_WARN_ABOUT_RETURN_TYPE = YES_ERROR;
				GCC_WARN_UNDECLARED_SELECTOR = YES;
				GCC_WARN_UNINITIALIZED_AUTOS = YES_AGGRESSIVE;
				GCC_WARN_UNUSED_FUNCTION = YES;
				GCC_WARN_UNUSED_VARIABLE = YES;
				IPHONEOS_DEPLOYMENT_TARGET = 16.4;
				MTL_ENABLE_DEBUG_INFO = NO;
				MTL_FAST_MATH = YES;
				SDKROOT = iphoneos;
				SWIFT_COMPILATION_MODE = wholemodule;
				SWIFT_OPTIMIZATION_LEVEL = "-O";
				VALIDATE_PRODUCT = YES;
			};
			name = Release;
		};
		2CF27BB02B162C6800F63D09 /* Debug */ = {
			isa = XCBuildConfiguration;
			buildSettings = {
				ASSETCATALOG_COMPILER_APPICON_NAME = AppIcon;
				ASSETCATALOG_COMPILER_GLOBAL_ACCENT_COLOR_NAME = AccentColor;
				CODE_SIGN_STYLE = Automatic;
				CURRENT_PROJECT_VERSION = 1;
				DEVELOPMENT_TEAM = DFZ4MU84W6;
				GENERATE_INFOPLIST_FILE = YES;
				INFOPLIST_FILE = ChatGPTStreaming_VIPER/Info.plist;
				INFOPLIST_KEY_UIApplicationSupportsIndirectInputEvents = YES;
				INFOPLIST_KEY_UILaunchStoryboardName = LaunchScreen;
				INFOPLIST_KEY_UIMainStoryboardFile = Main;
				INFOPLIST_KEY_UISupportedInterfaceOrientations_iPad = "UIInterfaceOrientationPortrait UIInterfaceOrientationPortraitUpsideDown UIInterfaceOrientationLandscapeLeft UIInterfaceOrientationLandscapeRight";
				INFOPLIST_KEY_UISupportedInterfaceOrientations_iPhone = "UIInterfaceOrientationPortrait UIInterfaceOrientationLandscapeLeft UIInterfaceOrientationLandscapeRight";
				LD_RUNPATH_SEARCH_PATHS = (
					"$(inherited)",
					"@executable_path/Frameworks",
				);
				MARKETING_VERSION = 1.0;
				PRODUCT_BUNDLE_IDENTIFIER = "berserk.ChatGPTStreaming-VIPER";
				PRODUCT_NAME = "$(TARGET_NAME)";
				SWIFT_EMIT_LOC_STRINGS = YES;
				SWIFT_VERSION = 5.0;
				TARGETED_DEVICE_FAMILY = "1,2";
			};
			name = Debug;
		};
		2CF27BB12B162C6800F63D09 /* Release */ = {
			isa = XCBuildConfiguration;
			buildSettings = {
				ASSETCATALOG_COMPILER_APPICON_NAME = AppIcon;
				ASSETCATALOG_COMPILER_GLOBAL_ACCENT_COLOR_NAME = AccentColor;
				CODE_SIGN_STYLE = Automatic;
				CURRENT_PROJECT_VERSION = 1;
				DEVELOPMENT_TEAM = DFZ4MU84W6;
				GENERATE_INFOPLIST_FILE = YES;
				INFOPLIST_FILE = ChatGPTStreaming_VIPER/Info.plist;
				INFOPLIST_KEY_UIApplicationSupportsIndirectInputEvents = YES;
				INFOPLIST_KEY_UILaunchStoryboardName = LaunchScreen;
				INFOPLIST_KEY_UIMainStoryboardFile = Main;
				INFOPLIST_KEY_UISupportedInterfaceOrientations_iPad = "UIInterfaceOrientationPortrait UIInterfaceOrientationPortraitUpsideDown UIInterfaceOrientationLandscapeLeft UIInterfaceOrientationLandscapeRight";
				INFOPLIST_KEY_UISupportedInterfaceOrientations_iPhone = "UIInterfaceOrientationPortrait UIInterfaceOrientationLandscapeLeft UIInterfaceOrientationLandscapeRight";
				LD_RUNPATH_SEARCH_PATHS = (
					"$(inherited)",
					"@executable_path/Frameworks",
				);
				MARKETING_VERSION = 1.0;
				PRODUCT_BUNDLE_IDENTIFIER = "berserk.ChatGPTStreaming-VIPER";
				PRODUCT_NAME = "$(TARGET_NAME)";
				SWIFT_EMIT_LOC_STRINGS = YES;
				SWIFT_VERSION = 5.0;
				TARGETED_DEVICE_FAMILY = "1,2";
			};
			name = Release;
		};
/* End XCBuildConfiguration section */

/* Begin XCConfigurationList section */
		2CF27B962B162C6700F63D09 /* Build configuration list for PBXProject "ChatGPTStreaming_VIPER" */ = {
			isa = XCConfigurationList;
			buildConfigurations = (
				2CF27BAD2B162C6800F63D09 /* Debug */,
				2CF27BAE2B162C6800F63D09 /* Release */,
			);
			defaultConfigurationIsVisible = 0;
			defaultConfigurationName = Release;
		};
		2CF27BAF2B162C6800F63D09 /* Build configuration list for PBXNativeTarget "ChatGPTStreaming_VIPER" */ = {
			isa = XCConfigurationList;
			buildConfigurations = (
				2CF27BB02B162C6800F63D09 /* Debug */,
				2CF27BB12B162C6800F63D09 /* Release */,
			);
			defaultConfigurationIsVisible = 0;
			defaultConfigurationName = Release;
		};
/* End XCConfigurationList section */
	};
	rootObject = 2CF27B932B162C6700F63D09 /* Project object */;
}
